---
lockfileVersion: '9.0'

importers:

  .:
    configDependencies: {}
    packageManagerDependencies:
      '@pnpm/exe':
        specifier: ^11.20.0
        version: 11.22.0
      pnpm:
        specifier: ^11.20.0
        version: 11.22.0

packages:

  '@pnpm/exe@11.22.0':
    resolution: {integrity: sha512-B1SGeKm+v9pX9YkzMmrnO2FbgBd8TDwzZ3jSj6J6ThxdyGvI4TsOfMeHARW4Wb25visPpmMDfIXrU76EZdJM4g==}
    hasBin: true

  '@pnpm/linux-arm64@11.22.0':
    resolution: {integrity: sha512-xzzn3jYG9QaiFZPaHcWM3yX4Fm9UGz5E42mzpbvUEvXYf5O9fwNolenOhGLpRl2qS5u35fjZSvDZbWlOwHMcug==}
    cpu: [arm64]
    os: [linux]

  '@pnpm/linux-x64@11.22.0':
    resolution: {integrity: sha512-isvaPctGinbsM2hsTtRsMarN8Sr5QhXDTNmn8Xv9Lp1PjincCvH2RBbhpo+xYIOxzgls1dtQSdgoORUbfRVALQ==}
    cpu: [x64]
    os: [linux]

  '@pnpm/linuxstatic-arm64@11.22.0':
    resolution: {integrity: sha512-i4J+AQWW0T3JBdXaLsvxu8ZmMG1HLS6JZQESdOR9uBv8Zumb4yg8GYT83eWRLacr6ngVdhEBiC3W4eOG64MFbA==}
    cpu: [arm64]
    os: [linux]
    libc: [musl]

  '@pnpm/linuxstatic-x64@11.22.0':
    resolution: {integrity: sha512-QYzk8jhSuSbVthW/OxEOhU3f3zhjpw4HqgedrlwbVNb7btCWn5del2Hb5PsYYka2PbmKq5EtF5IzYN8Yp1CfxQ==}
    cpu: [x64]
    os: [linux]
    libc: [musl]

  '@pnpm/macos-arm64@11.22.0':
    resolution: {integrity: sha512-Io8Axk5kutPgMuAfOg1QGj3J0/KpLvH5iiPcmp7up8D4q7BNWT02ndQo3RyGWqrlkf5nwspM41GFpWTShrZ4Aw==}
    cpu: [arm64]
    os: [darwin]

  '@pnpm/win-arm64@11.22.0':
    resolution: {integrity: sha512-QgaRuKGQKov7xW2utPCgDT83fn/PU5cD6HFgib48oTslz7wv26E89d4jMCxL4GRmEL2YCfkYuj5ITj1oVWg5WQ==}
    cpu: [arm64]
    os: [win32]

  '@pnpm/win-x64@11.22.0':
    resolution: {integrity: sha512-iWYsiSwpgxqur+TwsnSoPdOQaEfd4ygB84mb5tJUOgim6PHr1xhKJBndaQzH+At/WkLxLdYN+K8dYc4M7naezg==}
    cpu: [x64]
    os: [win32]

  '@reflink/reflink-darwin-arm64@0.1.19':
    resolution: {integrity: sha512-ruy44Lpepdk1FqDz38vExBY/PVUsjxZA+chd9wozjUH9JjuDT/HEaQYA6wYN9mf041l0yLVar6BCZuWABJvHSA==}
    engines: {node: '>= 10'}
    cpu: [arm64]
    os: [darwin]

  '@reflink/reflink-darwin-x64@0.1.19':
    resolution: {integrity: sha512-By85MSWrMZa+c26TcnAy8SDk0sTUkYlNnwknSchkhHpGXOtjNDUOxJE9oByBnGbeuIE1PiQsxDG3Ud+IVV9yuA==}
    engines: {node: '>= 10'}
    cpu: [x64]
    os: [darwin]

  '@reflink/reflink-linux-arm64-gnu@0.1.19':
    resolution: {integrity: sha512-7P+er8+rP9iNeN+bfmccM4hTAaLP6PQJPKWSA4iSk2bNvo6KU6RyPgYeHxXmzNKzPVRcypZQTpFgstHam6maVg==}
    engines: {node: '>= 10'}
    cpu: [arm64]
    os: [linux]
    libc: [glibc]

  '@reflink/reflink-linux-arm64-musl@0.1.19':
    resolution: {integrity: sha512-37iO/Dp6m5DDaC2sf3zPtx/hl9FV3Xze4xoYidrxxS9bgP3S8ALroxRK6xBG/1TtfXKTvolvp+IjrUU6ujIGmA==}
    engines: {node: '>= 10'}
    cpu: [arm64]
    os: [linux]
    libc: [musl]

  '@reflink/reflink-linux-x64-gnu@0.1.19':
    resolution: {integrity: sha512-jbI8jvuYCaA3MVUdu8vLoLAFqC+iNMpiSuLbxlAgg7x3K5bsS8nOpTRnkLF7vISJ+rVR8W+7ThXlXlUQ93ulkw==}
    engines: {node: '>= 10'}
    cpu: [x64]
    os: [linux]
    libc: [glibc]

  '@reflink/reflink-linux-x64-musl@0.1.19':
    resolution: {integrity: sha512-e9FBWDe+lv7QKAwtKOt6A2W/fyy/aEEfr0g6j/hWzvQcrzHCsz07BNQYlNOjTfeytrtLU7k449H1PI95jA4OjQ==}
    engines: {node: '>= 10'}
    cpu: [x64]
    os: [linux]
    libc: [musl]

  '@reflink/reflink-win32-arm64-msvc@0.1.19':
    resolution: {integrity: sha512-09PxnVIQcd+UOn4WAW73WU6PXL7DwGS6wPlkMhMg2zlHHG65F3vHepOw06HFCq+N42qkaNAc8AKIabWvtk6cIQ==}
    engines: {node: '>= 10'}
    cpu: [arm64]
    os: [win32]

  '@reflink/reflink-win32-x64-msvc@0.1.19':
    resolution: {integrity: sha512-E//yT4ni2SyhwP8JRjVGWr3cbnhWDiPLgnQ66qqaanjjnMiu3O/2tjCPQXlcGc/DEYofpDc9fvhv6tALQsMV9w==}
    engines: {node: '>= 10'}
    cpu: [x64]
    os: [win32]

  '@reflink/reflink@0.1.19':
    resolution: {integrity: sha512-DmCG8GzysnCZ15bres3N5AHCmwBwYgp0As6xjhQ47rAUTUXxJiK+lLUxaGsX3hd/30qUpVElh05PbGuxRPgJwA==}
    engines: {node: '>= 10'}

  detect-libc@2.1.2:
    resolution: {integrity: sha512-Btj2BOOO83o3WyH59e8MgXsxEQVcarkUOpEYrubB0urwnN10yQ364rsiByU11nZlqWYZm05i/of7io4mzihBtQ==}
    engines: {node: '>=8'}

  pnpm@11.22.0:
    resolution: {integrity: sha512-H/hwxMYTPf2I+yr8Rt0T1H8JyXlLQ4xv20fKmMrzvBY4HuC+k6CRuOOCTPAfiJ9G19niCRD7C+GrD7W6qA3WIQ==}
    engines: {node: '>=22.13'}
    hasBin: true

snapshots:

  '@pnpm/exe@11.22.0':
    dependencies:
      '@reflink/reflink': 0.1.19
      detect-libc: 2.1.2
    optionalDependencies:
      '@pnpm/linux-arm64': 11.22.0
      '@pnpm/linux-x64': 11.22.0
      '@pnpm/linuxstatic-arm64': 11.22.0
      '@pnpm/linuxstatic-x64': 11.22.0
      '@pnpm/macos-arm64': 11.22.0
      '@pnpm/win-arm64': 11.22.0
      '@pnpm/win-x64': 11.22.0

  '@pnpm/linux-arm64@11.22.0':
    optional: true

  '@pnpm/linux-x64@11.22.0':
    optional: true

  '@pnpm/linuxstatic-arm64@11.22.0':
    optional: true

  '@pnpm/linuxstatic-x64@11.22.0':
    optional: true

  '@pnpm/macos-arm64@11.22.0':
    optional: true

  '@pnpm/win-arm64@11.22.0':
    optional: true

  '@pnpm/win-x64@11.22.0':
    optional: true

  '@reflink/reflink-darwin-arm64@0.1.19':
    optional: true

  '@reflink/reflink-darwin-x64@0.1.19':
    optional: true

  '@reflink/reflink-linux-arm64-gnu@0.1.19':
    optional: true

  '@reflink/reflink-linux-arm64-musl@0.1.19':
    optional: true

  '@reflink/reflink-linux-x64-gnu@0.1.19':
    optional: true

  '@reflink/reflink-linux-x64-musl@0.1.19':
    optional: true

  '@reflink/reflink-win32-arm64-msvc@0.1.19':
    optional: true

  '@reflink/reflink-win32-x64-msvc@0.1.19':
    optional: true

  '@reflink/reflink@0.1.19':
    optionalDependencies:
      '@reflink/reflink-darwin-arm64': 0.1.19
      '@reflink/reflink-darwin-x64': 0.1.19
      '@reflink/reflink-linux-arm64-gnu': 0.1.19
      '@reflink/reflink-linux-arm64-musl': 0.1.19
      '@reflink/reflink-linux-x64-gnu': 0.1.19
      '@reflink/reflink-linux-x64-musl': 0.1.19
      '@reflink/reflink-win32-arm64-msvc': 0.1.19
      '@reflink/reflink-win32-x64-msvc': 0.1.19

  detect-libc@2.1.2: {}

  pnpm@11.22.0: {}

---
lockfileVersion: '9.0'

settings:
  autoInstallPeers: true
  excludeLinksFromLockfile: false

importers:

  .:
    dependencies:
      '@opentui/core':
        specifier: ^0.5.4
        version: 0.5.4(typescript@5.9.3)(web-tree-sitter@0.25.10)
      blessed:
        specifier: ^0.1.81
        version: 0.1.81
    devDependencies:
      '@types/blessed':
        specifier: ^0.1.27
        version: 0.1.27
      '@types/node':
        specifier: ^26.2.0
        version: 26.2.0

packages:

  '@opentui/core-darwin-arm64@0.5.4':
    resolution: {integrity: sha512-oETbn6tg/0g+mOvGXy3iot+1Zv7CGr65U1lRaPJ7kpsKGnOxftCpDD1qA0I6eQwfPJa9k7h9D/9yGB3IbweGcg==}
    cpu: [arm64]
    os: [darwin]

  '@opentui/core-darwin-x64@0.5.4':
    resolution: {integrity: sha512-TIeqCNfAV8xvNAv6oVBYsoGBz/p8CxcYm668OQIeBPUO+irqbQ72vJJa/SwFZrUEAHFmsDELaB6y80oHU5Jm6g==}
    cpu: [x64]
    os: [darwin]

  '@opentui/core-linux-arm64-musl@0.5.4':
    resolution: {integrity: sha512-8vFWd1dsPZj9fHQKlsGHue3ukp7MRjTSpmIrdneIruOcoK2etccHfd6bqIo4FcNr+HA0eI2FP4ZIL9xhE3r9/w==}
    cpu: [arm64]
    os: [linux]
    libc: [musl]

  '@opentui/core-linux-arm64@0.5.4':
    resolution: {integrity: sha512-UrOsX3D5BOO9TI30WvRwEK/lyPPhY75+LwSqeRRe8SV2ON+Ez5QqY4oryTyYC6+yNahTJufz34n0YgwnQaxTNA==}
    cpu: [arm64]
    os: [linux]

  '@opentui/core-linux-x64-musl@0.5.4':
    resolution: {integrity: sha512-YYREqUB3v5K0qWij3A5YWzJkkVXp/EqIiuHZKsAjrUAY/0+Bp8Hn0baLvvvkuklpG9whW+GfwIeUsmp4fxqmCA==}
    cpu: [x64]
    os: [linux]
    libc: [musl]

  '@opentui/core-linux-x64@0.5.4':
    resolution: {integrity: sha512-1RXzSl6d347O7mUXviXFWlFFyILr7qsVt4jwD3k0UiKtENeEDNi+glM1bKHbXwCdQjfA835QgFA2mbILybK+aQ==}
    cpu: [x64]
    os: [linux]

  '@opentui/core-win32-arm64@0.5.4':
    resolution: {integrity: sha512-F9sB6suPJmwkLF2MwKEC+OtwP6cn5QspIm4MCh2hmu3mVqSz9GDpYID1X3sAh9/V79EVocqiOSqI3KeCTRouKQ==}
    cpu: [arm64]
    os: [win32]

  '@opentui/core-win32-x64@0.5.4':
    resolution: {integrity: sha512-2/6dPPPJ9xL/bWz9jh+lZeV2g/tbxZ9N4FBIqwhnqSfIYy5jOnscsPZpcN4X6PstfJAo2yf0Ebk/tLTOzOS6TQ==}
    cpu: [x64]
    os: [win32]

  '@opentui/core@0.5.4':
    resolution: {integrity: sha512-czcJKQ72QhTWvu1eWfKg4EPN1GLLND6cP9MOhDyqYzCdIZgxQSJVWYzz6c4/CQGOu/qQLRyce2y1efVu4lgQ0w==}
    peerDependencies:
      web-tree-sitter: 0.25.10

  '@types/blessed@0.1.27':
    resolution: {integrity: sha512-ZOQGjLvWDclAXp0rW5iuUBXeD6Gr1PkitN7tj7/G8FCoSzTsij6OhXusOzMKhwrZ9YlL2Pmu0d6xJ9zVvk+Hsg==}

  '@types/node@26.2.0':
    resolution: {integrity: sha512-5IviulTZeRNp2vAJ514cc/HUlY5nZ9fCbq9DMyC52BrhFZACo3nI0R7qBxhQmo/d27NFe96ur/b7Wwxklda+kg==}

  ansi-regex@6.3.0:
    resolution: {integrity: sha512-WpDfL7NO6j7tH88IDBNVdUJxDh9nmCteAVW9dsep846XdwF4naCBK+/tGLX3KJgcpgMRXCFlTM2hKGoK9FsdrQ==}
    engines: {node: '>=12'}

  blessed@0.1.81:
    resolution: {integrity: sha512-LoF5gae+hlmfORcG1M5+5XZi4LBmvlXTzwJWzUlPryN/SJdSflZvROM2TwkT0GMpq7oqT48NRd4GS7BiVBc5OQ==}
    engines: {node: '>= 0.8.0'}
    hasBin: true

  bun-ffi-structs@0.3.1:
    resolution: {integrity: sha512-3gM7PpVWLyrwxWjcilSiGuhWanhZivvo6l0u573NziPH6f/gwk6McbaYgn7oJWov6pKGRTDbrg94W5DcJsKTtQ==}
    peerDependencies:
      typescript: ^5

  diff@9.0.0:
    resolution: {integrity: sha512-svtcdpS8CgJyqAjEQIXdb3OjhFVVYjzGAPO8WGCmRbrml64SPw/jJD4GoE98aR7r25A0XcgrK3F02yw9R/vhQw==}
    engines: {node: '>=0.3.1'}

  emoji-regex@10.6.0:
    resolution: {integrity: sha512-toUI84YS5YmxW219erniWD0CIVOo46xGKColeNQRgOzDorgBi1v4D71/OFzgD9GO2UGKIv1C3Sp8DAn0+j5w7A==}

  get-east-asian-width@1.6.0:
    resolution: {integrity: sha512-QRbvDIbx6YklUe6RxeTeleMR0yv3cYH6PsPZHcnVn7xv7zO1BHN8r0XETu8n6Ye3Q+ahtSarc3WgtNWmehIBfA==}
    engines: {node: '>=18'}

  marked@17.0.1:
    resolution: {integrity: sha512-boeBdiS0ghpWcSwoNm/jJBwdpFaMnZWRzjA6SkUMYb40SVaN1x7mmfGKp0jvexGcx+7y2La5zRZsYFZI6Qpypg==}
    engines: {node: '>= 20'}
    hasBin: true

  string-width@7.2.0:
    resolution: {integrity: sha512-tsaTIkKW9b4N+AEj+SVA+WhJzV7/zMhcSu78mLKWSk7cXMOSHsBKFWUs0fWwq8QyK3MgJBQRX6Gbi4kYbdvGkQ==}
    engines: {node: '>=18'}

  strip-ansi@7.1.2:
    resolution: {integrity: sha512-gmBGslpoQJtgnMAvOVqGZpEz9dyoKTCzy2nfz/n8aIFhN/jCE/rCmcxabB6jOOHV+0WNnylOxaxBQPSvcWklhA==}
    engines: {node: '>=12'}

  typescript@5.9.3:
    resolution: {integrity: sha512-jl1vZzPDinLr9eUt3J/t7V6FgNEw9QjvBPdysz9KfQDD41fQrC2Y4vKQdiaUpFT4bXlb1RHhLpp8wtm6M5TgSw==}
    engines: {node: '>=14.17'}
    hasBin: true

  undici-types@8.3.0:
    resolution: {integrity: sha512-j375ScV60dom+YkPFIfTLcOiPxkN/buHz5GobjLhixFuANaNs3C9l4GmrWqejgXWJ7BbJcFYpTEUkS1Ge8bpZQ==}

  web-tree-sitter@0.25.10:
    resolution: {integrity: sha512-Y09sF44/13XvgVKgO2cNDw5rGk6s26MgoZPXLESvMXeefBf7i6/73eFurre0IsTW6E14Y0ArIzhUMmjoc7xyzA==}
    peerDependencies:
      '@types/emscripten': ^1.40.0
    peerDependenciesMeta:
      '@types/emscripten':
        optional: true

snapshots:

  '@opentui/core-darwin-arm64@0.5.4':
    optional: true

  '@opentui/core-darwin-x64@0.5.4':
    optional: true

  '@opentui/core-linux-arm64-musl@0.5.4':
    optional: true

  '@opentui/core-linux-arm64@0.5.4':
    optional: true

  '@opentui/core-linux-x64-musl@0.5.4':
    optional: true

  '@opentui/core-linux-x64@0.5.4':
    optional: true

  '@opentui/core-win32-arm64@0.5.4':
    optional: true

  '@opentui/core-win32-x64@0.5.4':
    optional: true

  '@opentui/core@0.5.4(typescript@5.9.3)(web-tree-sitter@0.25.10)':
    dependencies:
      bun-ffi-structs: 0.3.1(typescript@5.9.3)
      diff: 9.0.0
      marked: 17.0.1
      string-width: 7.2.0
      strip-ansi: 7.1.2
      web-tree-sitter: 0.25.10
    optionalDependencies:
      '@opentui/core-darwin-arm64': 0.5.4
      '@opentui/core-darwin-x64': 0.5.4
      '@opentui/core-linux-arm64': 0.5.4
      '@opentui/core-linux-arm64-musl': 0.5.4
      '@opentui/core-linux-x64': 0.5.4
      '@opentui/core-linux-x64-musl': 0.5.4
      '@opentui/core-win32-arm64': 0.5.4
      '@opentui/core-win32-x64': 0.5.4
    transitivePeerDependencies:
      - typescript

  '@types/blessed@0.1.27':
    dependencies:
      '@types/node': 26.2.0

  '@types/node@26.2.0':
    dependencies:
      undici-types: 8.3.0

  ansi-regex@6.3.0: {}

  blessed@0.1.81: {}

  bun-ffi-structs@0.3.1(typescript@5.9.3):
    dependencies:
      typescript: 5.9.3

  diff@9.0.0: {}

  emoji-regex@10.6.0: {}

  get-east-asian-width@1.6.0: {}

  marked@17.0.1: {}

  string-width@7.2.0:
    dependencies:
      emoji-regex: 10.6.0
      get-east-asian-width: 1.6.0
      strip-ansi: 7.1.2

  strip-ansi@7.1.2:
    dependencies:
      ansi-regex: 6.3.0

  typescript@5.9.3: {}

  undici-types@8.3.0: {}

  web-tree-sitter@0.25.10: {}
